dependencies:
- name: prometheus
  repository: https://prometheus-community.github.io/helm-charts
  version: 29.14.0
- name: grafana
  repository: https://grafana.github.io/helm-charts
  version: 10.5.15
digest: sha256:e1aa7d76454412be5e8f6ba4882e150a7bcba7c1f50cd1179651b91ebb0ebcc8
generated: "2026-07-13T20:31:55.568652+02:00"
